
Microsoft Visual Studio Solution File, Format Version 12.00
# Visual Studio Version 17
VisualStudioVersion = 17.2.32630.192
MinimumVisualStudioVersion = 10.0.40219.1
Project("{FAE04EC0-301F-11D3-BF4B-00C04F79EFBC}") = "DSA", "DSA\DSA.csproj", "{1DD8A93D-89AA-4CC0-93D4-A4E8F1068E88}"
EndProject
Global
	GlobalSection(SolutionConfigurationPlatforms) = preSolution
		Debug|Any CPU = Debug|Any CPU
		Release|Any CPU = Release|Any CPU
	EndGlobalSection
	GlobalSection(ProjectConfigurationPlatforms) = postSolution
		{1DD8A93D-89AA-4CC0-93D4-A4E8F1068E88}.Debug|Any CPU.ActiveCfg = Debug|Any CPU
		{1DD8A93D-89AA-4CC0-93D4-A4E8F1068E88}.Debug|Any CPU.Build.0 = Debug|Any CPU
		{1DD8A93D-89AA-4CC0-93D4-A4E8F1068E88}.Release|Any CPU.ActiveCfg = Release|Any CPU
		{1DD8A93D-89AA-4CC0-93D4-A4E8F1068E88}.Release|Any CPU.Build.0 = Release|Any CPU
	EndGlobalSection
	GlobalSection(SolutionProperties) = preSolution
		HideSolutionNode = FALSE
	EndGlobalSection
	GlobalSection(ExtensibilityGlobals) = postSolution
		SolutionGuid = {B223112B-605F-4774-9900-FC06D03A333A}
	EndGlobalSection
EndGlobal
